Microsoft Visual Studio Solution File, Format Version 12.00
# Visual Studio Version 16
VisualStudioVersion = 16.0.30011.22
MinimumVisualStudioVersion = 10.0.40219.1
Project("{9A19103F-16F7-4668-BE54-9A1E7A4F7556}") = "sahibinden", "sahibinden\sahibinden.csproj", "{8FB239F0-8998-4E7B-9F37-9CF08ACF9D0C}"
EndProject
Project("{FAE04EC0-301F-11D3-BF4B-00C04F79EFBC}") = "ConsoleApp1", "ConsoleApp1\ConsoleApp1.csproj", "{6871D21F-CB40-4814-881A-D89AC5F5C17E}"
EndProject
Global
	GlobalSection(SolutionConfigurationPlatforms) = preSolution
		Debug|Any CPU = Debug|Any CPU
		Release|Any CPU = Release|Any CPU
	EndGlobalSection
	GlobalSection(ProjectConfigurationPlatforms) = postSolution
		{8FB239F0-8998-4E7B-9F37-9CF08ACF9D0C}.Debug|Any CPU.ActiveCfg = Debug|Any CPU
		{8FB239F0-8998-4E7B-9F37-9CF08ACF9D0C}.Debug|Any CPU.Build.0 = Debug|Any CPU
		{8FB239F0-8998-4E7B-9F37-9CF08ACF9D0C}.Release|Any CPU.ActiveCfg = Release|Any CPU
		{8FB239F0-8998-4E7B-9F37-9CF08ACF9D0C}.Release|Any CPU.Build.0 = Release|Any CPU
		{6871D21F-CB40-4814-881A-D89AC5F5C17E}.Debug|Any CPU.ActiveCfg = Debug|Any CPU
		{6871D21F-CB40-4814-881A-D89AC5F5C17E}.Debug|Any CPU.Build.0 = Debug|Any CPU
		{6871D21F-CB40-4814-881A-D89AC5F5C17E}.Release|Any CPU.ActiveCfg = Release|Any CPU
		{6871D21F-CB40-4814-881A-D89AC5F5C17E}.Release|Any CPU.Build.0 = Release|Any CPU
	EndGlobalSection
	GlobalSection(SolutionProperties) = preSolution
		HideSolutionNode = FALSE
	EndGlobalSection
	GlobalSection(ExtensibilityGlobals) = postSolution
		SolutionGuid = {9BCA6161-86A8-4103-80C2-D3B0947D84DC}
	EndGlobalSection
EndGlobal
