
Microsoft Visual Studio Solution File, Format Version 12.00
# Visual Studio Version 16
VisualStudioVersion = 16.0.28917.181
MinimumVisualStudioVersion = 10.0.40219.1
Project("{9A19103F-16F7-4668-BE54-9A1E7A4F7556}") = "CodeExamples", "CodeExamples\CodeExamples.csproj", "{36733D90-5E0D-4D21-BE6A-AFF168486FB6}"
EndProject
Project("{9A19103F-16F7-4668-BE54-9A1E7A4F7556}") = "CodeExample.Test", "CodeExample.Test\CodeExample.Test.csproj", "{CDD6800A-95CD-4BE3-A83C-59D20ECF91F1}"
EndProject
Project("{9A19103F-16F7-4668-BE54-9A1E7A4F7556}") = "CodeExample.Application", "CodeExample.Application\CodeExample.Application.csproj", "{829E52C6-A132-4C3C-AF08-458FAD662758}"
EndProject
Project("{FAE04EC0-301F-11D3-BF4B-00C04F79EFBC}") = "ConsoleApp", "ConsoleApp\ConsoleApp.csproj", "{84E1CE8C-886C-466D-B2C7-995E8E7011F6}"
EndProject
Project("{FAE04EC0-301F-11D3-BF4B-00C04F79EFBC}") = "ConsoleNet", "ConsoleNet\ConsoleNet.csproj", "{51E15A55-D86B-447F-BC76-70215EAF05F9}"
EndProject
Global
	GlobalSection(SolutionConfigurationPlatforms) = preSolution
		Debug|Any CPU = Debug|Any CPU
		Release|Any CPU = Release|Any CPU
	EndGlobalSection
	GlobalSection(ProjectConfigurationPlatforms) = postSolution
		{36733D90-5E0D-4D21-BE6A-AFF168486FB6}.Debug|Any CPU.ActiveCfg = Debug|Any CPU
		{36733D90-5E0D-4D21-BE6A-AFF168486FB6}.Debug|Any CPU.Build.0 = Debug|Any CPU
		{36733D90-5E0D-4D21-BE6A-AFF168486FB6}.Release|Any CPU.ActiveCfg = Release|Any CPU
		{36733D90-5E0D-4D21-BE6A-AFF168486FB6}.Release|Any CPU.Build.0 = Release|Any CPU
		{CDD6800A-95CD-4BE3-A83C-59D20ECF91F1}.Debug|Any CPU.ActiveCfg = Debug|Any CPU
		{CDD6800A-95CD-4BE3-A83C-59D20ECF91F1}.Debug|Any CPU.Build.0 = Debug|Any CPU
		{CDD6800A-95CD-4BE3-A83C-59D20ECF91F1}.Release|Any CPU.ActiveCfg = Release|Any CPU
		{CDD6800A-95CD-4BE3-A83C-59D20ECF91F1}.Release|Any CPU.Build.0 = Release|Any CPU
		{829E52C6-A132-4C3C-AF08-458FAD662758}.Debug|Any CPU.ActiveCfg = Debug|Any CPU
		{829E52C6-A132-4C3C-AF08-458FAD662758}.Debug|Any CPU.Build.0 = Debug|Any CPU
		{829E52C6-A132-4C3C-AF08-458FAD662758}.Release|Any CPU.ActiveCfg = Release|Any CPU
		{829E52C6-A132-4C3C-AF08-458FAD662758}.Release|Any CPU.Build.0 = Release|Any CPU
		{84E1CE8C-886C-466D-B2C7-995E8E7011F6}.Debug|Any CPU.ActiveCfg = Debug|Any CPU
		{84E1CE8C-886C-466D-B2C7-995E8E7011F6}.Debug|Any CPU.Build.0 = Debug|Any CPU
		{84E1CE8C-886C-466D-B2C7-995E8E7011F6}.Release|Any CPU.ActiveCfg = Release|Any CPU
		{84E1CE8C-886C-466D-B2C7-995E8E7011F6}.Release|Any CPU.Build.0 = Release|Any CPU
		{51E15A55-D86B-447F-BC76-70215EAF05F9}.Debug|Any CPU.ActiveCfg = Debug|Any CPU
		{51E15A55-D86B-447F-BC76-70215EAF05F9}.Debug|Any CPU.Build.0 = Debug|Any CPU
		{51E15A55-D86B-447F-BC76-70215EAF05F9}.Release|Any CPU.ActiveCfg = Release|Any CPU
		{51E15A55-D86B-447F-BC76-70215EAF05F9}.Release|Any CPU.Build.0 = Release|Any CPU
	EndGlobalSection
	GlobalSection(SolutionProperties) = preSolution
		HideSolutionNode = FALSE
	EndGlobalSection
	GlobalSection(ExtensibilityGlobals) = postSolution
		SolutionGuid = {EBC9BA98-8093-4F6B-BC35-3A7349B2381B}
	EndGlobalSection
EndGlobal
